// !$*UTF8*$!
{
	archiveVersion = 1;
	classes = {
	};
	objectVersion = 46;
	objects = {

/* Begin PBXBuildFile section */
		6F0157BC1F32F20700736EBF /* AppDelegate.swift in Sources */ = {isa = PBXBuildFile; fileRef = 6F0157BB1F32F20700736EBF /* AppDelegate.swift */; };
		6F0157BE1F32F20700736EBF /* ViewController.swift in Sources */ = {isa = PBXBuildFile; fileRef = 6F0157BD1F32F20700736EBF /* ViewController.swift */; };
		6F0157C11F32F20700736EBF /* Main.storyboard in Resources */ = {isa = PBXBuildFile; fileRef = 6F0157BF1F32F20700736EBF /* Main.storyboard */; };
		6F0157C31F32F20700736EBF /* Assets.xcassets in Resources */ = {isa = PBXBuildFile; fileRef = 6F0157C21F32F20700736EBF /* Assets.xcassets */; };
		6F0157C61F32F20700736EBF /* LaunchScreen.storyboard in Resources */ = {isa = PBXBuildFile; fileRef = 6F0157C41F32F20700736EBF /* LaunchScreen.storyboard */; };
		6F0157D11F32F20700736EBF /* CurrentWeatherTests.swift in Sources */ = {isa = PBXBuildFile; fileRef = 6F0157D01F32F20700736EBF /* CurrentWeatherTests.swift */; };
		6F0157DC1F32F20700736EBF /* CurrentWeatherUITests.swift in Sources */ = {isa = PBXBuildFile; fileRef = 6F0157DB1F32F20700736EBF /* CurrentWeatherUITests.swift */; };
/* End PBXBuildFile section */

/* Begin PBXContainerItemProxy section */
		6F0157CD1F32F20700736EBF /* PBXContainerItemProxy */ = {
			isa = PBXContainerItemProxy;
			containerPortal = 6F0157B01F32F20700736EBF /* Project object */;
			proxyType = 1;
			remoteGlobalIDString = 6F0157B71F32F20700736EBF;
			remoteInfo = CurrentWeather;
		};
		6F0157D81F32F20700736EBF /* PBXContainerItemProxy */ = {
			isa = PBXContainerItemProxy;
			containerPortal = 6F0157B01F32F20700736EBF /* Project object */;
			proxyType = 1;
			remoteGlobalIDString = 6F0157B71F32F20700736EBF;
			remoteInfo = CurrentWeather;
		};
/* End PBXContainerItemProxy section */

/* Begin PBXFileReference section */
		6F0157B81F32F20700736EBF /* CurrentWeather.app */ = {isa = PBXFileReference; explicitFileType = wrapper.application; includeInIndex = 0; path = CurrentWeather.app; sourceTree = BUILT_PRODUCTS_DIR; };
		6F0157BB1F32F20700736EBF /* AppDelegate.swift */ = {isa = PBXFileReference; lastKnownFileType = sourcecode.swift; path = AppDelegate.swift; sourceTree = "<group>"; };
		6F0157BD1F32F20700736EBF /* ViewController.swift */ = {isa = PBXFileReference; lastKnownFileType = sourcecode.swift; path = ViewController.swift; sourceTree = "<group>"; };
		6F0157C01F32F20700736EBF /* Base */ = {isa = PBXFileReference; lastKnownFileType = file.storyboard; name = Base; path = Base.lproj/Main.storyboard; sourceTree = "<group>"; };
		6F0157C21F32F20700736EBF /* Assets.xcassets */ = {isa = PBXFileReference; lastKnownFileType = folder.assetcatalog; path = Assets.xcassets; sourceTree = "<group>"; };
		6F0157C51F32F20700736EBF /* Base */ = {isa = PBXFileReference; lastKnownFileType = file.storyboard; name = Base; path = Base.lproj/LaunchScreen.storyboard; sourceTree = "<group>"; };
		6F0157C71F32F20700736EBF /* Info.plist */ = {isa = PBXFileReference; lastKnownFileType = text.plist.xml; path = Info.plist; sourceTree = "<group>"; };
		6F0157CC1F32F20700736EBF /* CurrentWeatherTests.xctest */ = {isa = PBXFileReference; explicitFileType = wrapper.cfbundle; includeInIndex = 0; path = CurrentWeatherTests.xctest; sourceTree = BUILT_PRODUCTS_DIR; };
		6F0157D01F32F20700736EBF /* CurrentWeatherTests.swift */ = {isa = PBXFileReference; lastKnownFileType = sourcecode.swift; path = CurrentWeatherTests.swift; sourceTree = "<group>"; };
		6F0157D21F32F20700736EBF /* Info.plist */ = {isa = PBXFileReference; lastKnownFileType = text.plist.xml; path = Info.plist; sourceTree = "<group>"; };
		6F0157D71F32F20700736EBF /* CurrentWeatherUITests.xctest */ = {isa = PBXFileReference; explicitFileType = wrapper.cfbundle; includeInIndex = 0; path = CurrentWeatherUITests.xctest; sourceTree = BUILT_PRODUCTS_DIR; };
		6F0157DB1F32F20700736EBF /* CurrentWeatherUITests.swift */ = {isa = PBXFileReference; lastKnownFileType = sourcecode.swift; path = CurrentWeatherUITests.swift; sourceTree = "<group>"; };
		6F0157DD1F32F20700736EBF /* Info.plist */ = {isa = PBXFileReference; lastKnownFileType = text.plist.xml; path = Info.plist; sourceTree = "<group>"; };
/* End PBXFileReference section */

/* Begin PBXFrameworksBuildPhase section */
		6F0157B51F32F20700736EBF /* Frameworks */ = {
			isa = PBXFrameworksBuildPhase;
			buildActionMask = 2147483647;
			files = (
			);
			runOnlyForDeploymentPostprocessing = 0;
		};
		6F0157C91F32F20700736EBF /* Frameworks */ = {
			isa = PBXFrameworksBuildPhase;
			buildActionMask = 2147483647;
			files = (
			);
			runOnlyForDeploymentPostprocessing = 0;
		};
		6F0157D41F32F20700736EBF /* Frameworks */ = {
			isa = PBXFrameworksBuildPhase;
			buildActionMask = 2147483647;
			files = (
			);
			runOnlyForDeploymentPostprocessing = 0;
		};
/* End PBXFrameworksBuildPhase section */

/* Begin PBXGroup section */
		6F0157AF1F32F20700736EBF = {
			isa = PBXGroup;
			children = (
				6F0157BA1F32F20700736EBF /* CurrentWeather */,
				6F0157CF1F32F20700736EBF /* CurrentWeatherTests */,
				6F0157DA1F32F20700736EBF /* CurrentWeatherUITests */,
				6F0157B91F32F20700736EBF /* Products */,
			);
			sourceTree = "<group>";
		};
		6F0157B91F32F20700736EBF /* Products */ = {
			isa = PBXGroup;
			children = (
				6F0157B81F32F20700736EBF /* CurrentWeather.app */,
				6F0157CC1F32F20700736EBF /* CurrentWeatherTests.xctest */,
				6F0157D71F32F20700736EBF /* CurrentWeatherUITests.xctest */,
			);
			name = Products;
			sourceTree = "<group>";
		};
		6F0157BA1F32F20700736EBF /* CurrentWeather */ = {
			isa = PBXGroup;
			children = (
				6F0157BB1F32F20700736EBF /* AppDelegate.swift */,
				6F0157BD1F32F20700736EBF /* ViewController.swift */,
				6F0157BF1F32F20700736EBF /* Main.storyboard */,
				6F0157C21F32F20700736EBF /* Assets.xcassets */,
				6F0157C41F32F20700736EBF /* LaunchScreen.storyboard */,
				6F0157C71F32F20700736EBF /* Info.plist */,
			);
			path = CurrentWeather;
			sourceTree = "<group>";
		};
		6F0157CF1F32F20700736EBF /* CurrentWeatherTests */ = {
			isa = PBXGroup;
			children = (
				6F0157D01F32F20700736EBF /* CurrentWeatherTests.swift */,
				6F0157D21F32F20700736EBF /* Info.plist */,
			);
			path = CurrentWeatherTests;
			sourceTree = "<group>";
		};
		6F0157DA1F32F20700736EBF /* CurrentWeatherUITests */ = {
			isa = PBXGroup;
			children = (
				6F0157DB1F32F20700736EBF /* CurrentWeatherUITests.swift */,
				6F0157DD1F32F20700736EBF /* Info.plist */,
			);
			path = CurrentWeatherUITests;
			sourceTree = "<group>";
		};
/* End PBXGroup section */

/* Begin PBXNativeTarget section */
		6F0157B71F32F20700736EBF /* CurrentWeather */ = {
			isa = PBXNativeTarget;
			buildConfigurationList = 6F0157E01F32F20700736EBF /* Build configuration list for PBXNativeTarget "CurrentWeather" */;
			buildPhases = (
				6F0157B41F32F20700736EBF /* Sources */,
				6F0157B51F32F20700736EBF /* Frameworks */,
				6F0157B61F32F20700736EBF /* Resources */,
			);
			buildRules = (
			);
			dependencies = (
			);
			name = CurrentWeather;
			productName = CurrentWeather;
			productReference = 6F0157B81F32F20700736EBF /* CurrentWeather.app */;
			productType = "com.apple.product-type.application";
		};
		6F0157CB1F32F20700736EBF /* CurrentWeatherTests */ = {
			isa = PBXNativeTarget;
			buildConfigurationList = 6F0157E31F32F20700736EBF /* Build configuration list for PBXNativeTarget "CurrentWeatherTests" */;
			buildPhases = (
				6F0157C81F32F20700736EBF /* Sources */,
				6F0157C91F32F20700736EBF /* Frameworks */,
				6F0157CA1F32F20700736EBF /* Resources */,
			);
			buildRules = (
			);
			dependencies = (
				6F0157CE1F32F20700736EBF /* PBXTargetDependency */,
			);
			name = CurrentWeatherTests;
			productName = CurrentWeatherTests;
			productReference = 6F0157CC1F32F20700736EBF /* CurrentWeatherTests.xctest */;
			productType = "com.apple.product-type.bundle.unit-test";
		};
		6F0157D61F32F20700736EBF /* CurrentWeatherUITests */ = {
			isa = PBXNativeTarget;
			buildConfigurationList = 6F0157E61F32F20700736EBF /* Build configuration list for PBXNativeTarget "CurrentWeatherUITests" */;
			buildPhases = (
				6F0157D31F32F20700736EBF /* Sources */,
				6F0157D41F32F20700736EBF /* Frameworks */,
				6F0157D51F32F20700736EBF /* Resources */,
			);
			buildRules = (
			);
			dependencies = (
				6F0157D91F32F20700736EBF /* PBXTargetDependency */,
			);
			name = CurrentWeatherUITests;
			productName = CurrentWeatherUITests;
			productReference = 6F0157D71F32F20700736EBF /* CurrentWeatherUITests.xctest */;
			productType = "com.apple.product-type.bundle.ui-testing";
		};
/* End PBXNativeTarget section */

/* Begin PBXProject section */
		6F0157B01F32F20700736EBF /* Project object */ = {
			isa = PBXProject;
			attributes = {
				LastSwiftUpdateCheck = 0830;
				LastUpgradeCheck = 0830;
				ORGANIZATIONNAME = "Tushar Katyal";
				TargetAttributes = {
					6F0157B71F32F20700736EBF = {
						CreatedOnToolsVersion = 8.3.3;
						DevelopmentTeam = S43L4C4K8B;
						ProvisioningStyle = Automatic;
					};
					6F0157CB1F32F20700736EBF = {
						CreatedOnToolsVersion = 8.3.3;
						DevelopmentTeam = S43L4C4K8B;
						ProvisioningStyle = Automatic;
						TestTargetID = 6F0157B71F32F20700736EBF;
					};
					6F0157D61F32F20700736EBF = {
						CreatedOnToolsVersion = 8.3.3;
						DevelopmentTeam = S43L4C4K8B;
						ProvisioningStyle = Automatic;
						TestTargetID = 6F0157B71F32F20700736EBF;
					};
				};
			};
			buildConfigurationList = 6F0157B31F32F20700736EBF /* Build configuration list for PBXProject "CurrentWeather" */;
			compatibilityVersion = "Xcode 3.2";
			developmentRegion = English;
			hasScannedForEncodings = 0;
			knownRegions = (
				en,
				Base,
			);
			mainGroup = 6F0157AF1F32F20700736EBF;
			productRefGroup = 6F0157B91F32F20700736EBF /* Products */;
			projectDirPath = "";
			projectRoot = "";
			targets = (
				6F0157B71F32F20700736EBF /* CurrentWeather */,
				6F0157CB1F32F20700736EBF /* CurrentWeatherTests */,
				6F0157D61F32F20700736EBF /* CurrentWeatherUITests */,
			);
		};
/* End PBXProject section */

/* Begin PBXResourcesBuildPhase section */
		6F0157B61F32F20700736EBF /* Resources */ = {
			isa = PBXResourcesBuildPhase;
			buildActionMask = 2147483647;
			files = (
				6F0157C61F32F20700736EBF /* LaunchScreen.storyboard in Resources */,
				6F0157C31F32F20700736EBF /* Assets.xcassets in Resources */,
				6F0157C11F32F20700736EBF /* Main.storyboard in Resources */,
			);
			runOnlyForDeploymentPostprocessing = 0;
		};
		6F0157CA1F32F20700736EBF /* Resources */ = {
			isa = PBXResourcesBuildPhase;
			buildActionMask = 2147483647;
			files = (
			);
			runOnlyForDeploymentPostprocessing = 0;
		};
		6F0157D51F32F20700736EBF /* Resources */ = {
			isa = PBXResourcesBuildPhase;
			buildActionMask = 2147483647;
			files = (
			);
			runOnlyForDeploymentPostprocessing = 0;
		};
/* End PBXResourcesBuildPhase section */

/* Begin PBXSourcesBuildPhase section */
		6F0157B41F32F20700736EBF /* Sources */ = {
			isa = PBXSourcesBuildPhase;
			buildActionMask = 2147483647;
			files = (
				6F0157BE1F32F20700736EBF /* ViewController.swift in Sources */,
				6F0157BC1F32F20700736EBF /* AppDelegate.swift in Sources */,
			);
			runOnlyForDeploymentPostprocessing = 0;
		};
		6F0157C81F32F20700736EBF /* Sources */ = {
			isa = PBXSourcesBuildPhase;
			buildActionMask = 2147483647;
			files = (
				6F0157D11F32F20700736EBF /* CurrentWeatherTests.swift in Sources */,
			);
			runOnlyForDeploymentPostprocessing = 0;
		};
		6F0157D31F32F20700736EBF /* Sources */ = {
			isa = PBXSourcesBuildPhase;
			buildActionMask = 2147483647;
			files = (
				6F0157DC1F32F20700736EBF /* CurrentWeatherUITests.swift in Sources */,
			);
			runOnlyForDeploymentPostprocessing = 0;
		};
/* End PBXSourcesBuildPhase section */

/* Begin PBXTargetDependency section */
		6F0157CE1F32F20700736EBF /* PBXTargetDependency */ = {
			isa = PBXTargetDependency;
			target = 6F0157B71F32F20700736EBF /* CurrentWeather */;
			targetProxy = 6F0157CD1F32F20700736EBF /* PBXContainerItemProxy */;
		};
		6F0157D91F32F20700736EBF /* PBXTargetDependency */ = {
			isa = PBXTargetDependency;
			target = 6F0157B71F32F20700736EBF /* CurrentWeather */;
			targetProxy = 6F0157D81F32F20700736EBF /* PBXContainerItemProxy */;
		};
/* End PBXTargetDependency section */

/* Begin PBXVariantGroup section */
		6F0157BF1F32F20700736EBF /* Main.storyboard */ = {
			isa = PBXVariantGroup;
			children = (
				6F0157C01F32F20700736EBF /* Base */,
			);
			name = Main.storyboard;
			sourceTree = "<group>";
		};
		6F0157C41F32F20700736EBF /* LaunchScreen.storyboard */ = {
			isa = PBXVariantGroup;
			children = (
				6F0157C51F32F20700736EBF /* Base */,
			);
			name = LaunchScreen.storyboard;
			sourceTree = "<group>";
		};
/* End PBXVariantGroup section */

/* Begin XCBuildConfiguration section */
		6F0157DE1F32F20700736EBF /* Debug */ = {
			isa = XCBuildConfiguration;
			buildSettings = {
				ALWAYS_SEARCH_USER_PATHS = NO;
				CLANG_ANALYZER_NONNULL = YES;
				CLANG_ANALYZER_NUMBER_OBJECT_CONVERSION = YES_AGGRESSIVE;
				CLANG_CXX_LANGUAGE_STANDARD = "gnu++0x";
				CLANG_CXX_LIBRARY = "libc++";
				CLANG_ENABLE_MODULES = YES;
				CLANG_ENABLE_OBJC_ARC = YES;
				CLANG_WARN_BOOL_CONVERSION = YES;
				CLANG_WARN_CONSTANT_CONVERSION = YES;
				CLANG_WARN_DIRECT_OBJC_ISA_USAGE = YES_ERROR;
				CLANG_WARN_DOCUMENTATION_COMMENTS = YES;
				CLANG_WARN_EMPTY_BODY = YES;
				CLANG_WARN_ENUM_CONVERSION = YES;
				CLANG_WARN_INFINITE_RECURSION = YES;
				CLANG_WARN_INT_CONVERSION = YES;
				CLANG_WARN_OBJC_ROOT_CLASS = YES_ERROR;
				CLANG_WARN_SUSPICIOUS_MOVE = YES;
				CLANG_WARN_UNREACHABLE_CODE = YES;
				CLANG_WARN__DUPLICATE_METHOD_MATCH = YES;
				"CODE_SIGN_IDENTITY[sdk=iphoneos*]" = "iPhone Developer";
				COPY_PHASE_STRIP = NO;
				DEBUG_INFORMATION_FORMAT = dwarf;
				ENABLE_STRICT_OBJC_MSGSEND = YES;
				ENABLE_TESTABILITY = YES;
				GCC_C_LANGUAGE_STANDARD = gnu99;
				GCC_DYNAMIC_NO_PIC = NO;
				GCC_NO_COMMON_BLOCKS = YES;
				GCC_OPTIMIZATION_LEVEL = 0;
				GCC_PREPROCESSOR_DEFINITIONS = (
					"DEBUG=1",
					"$(inherited)",
				);
				GCC_WARN_64_TO_32_BIT_CONVERSION = YES;
				GCC_WARN_ABOUT_RETURN_TYPE = YES_ERROR;
				GCC_WARN_UNDECLARED_SELECTOR = YES;
				GCC_WARN_UNINITIALIZED_AUTOS = YES_AGGRESSIVE;
				GCC_WARN_UNUSED_FUNCTION = YES;
				GCC_WARN_UNUSED_VARIABLE = YES;
				IPHONEOS_DEPLOYMENT_TARGET = 10.3;
				MTL_ENABLE_DEBUG_INFO = YES;
				ONLY_ACTIVE_ARCH = YES;
				SDKROOT = iphoneos;
				SWIFT_ACTIVE_COMPILATION_CONDITIONS = DEBUG;
				SWIFT_OPTIMIZATION_LEVEL = "-Onone";
			};
			name = Debug;
		};
		6F0157DF1F32F20700736EBF /* Release */ = {
			isa = XCBuildConfiguration;
			buildSettings = {
				ALWAYS_SEARCH_USER_PATHS = NO;
				CLANG_ANALYZER_NONNULL = YES;
				CLANG_ANALYZER_NUMBER_OBJECT_CONVERSION = YES_AGGRESSIVE;
				CLANG_CXX_LANGUAGE_STANDARD = "gnu++0x";
				CLANG_CXX_LIBRARY = "libc++";
				CLANG_ENABLE_MODULES = YES;
				CLANG_ENABLE_OBJC_ARC = YES;
				CLANG_WARN_BOOL_CONVERSION = YES;
				CLANG_WARN_CONSTANT_CONVERSION = YES;
				CLANG_WARN_DIRECT_OBJC_ISA_USAGE = YES_ERROR;
				CLANG_WARN_DOCUMENTATION_COMMENTS = YES;
				CLANG_WARN_EMPTY_BODY = YES;
				CLANG_WARN_ENUM_CONVERSION = YES;
				CLANG_WARN_INFINITE_RECURSION = YES;
				CLANG_WARN_INT_CONVERSION = YES;
				CLANG_WARN_OBJC_ROOT_CLASS = YES_ERROR;
				CLANG_WARN_SUSPICIOUS_MOVE = YES;
				CLANG_WARN_UNREACHABLE_CODE = YES;
				CLANG_WARN__DUPLICATE_METHOD_MATCH = YES;
				"CODE_SIGN_IDENTITY[sdk=iphoneos*]" = "iPhone Developer";
				COPY_PHASE_STRIP = NO;
				DEBUG_INFORMATION_FORMAT = "dwarf-with-dsym";
				ENABLE_NS_ASSERTIONS = NO;
				ENABLE_STRICT_OBJC_MSGSEND = YES;
				GCC_C_LANGUAGE_STANDARD = gnu99;
				GCC_NO_COMMON_BLOCKS = YES;
				GCC_WARN_64_TO_32_BIT_CONVERSION = YES;
				GCC_WARN_ABOUT_RETURN_TYPE = YES_ERROR;
				GCC_WARN_UNDECLARED_SELECTOR = YES;
				GCC_WARN_UNINITIALIZED_AUTOS = YES_AGGRESSIVE;
				GCC_WARN_UNUSED_FUNCTION = YES;
				GCC_WARN_UNUSED_VARIABLE = YES;
				IPHONEOS_DEPLOYMENT_TARGET = 10.3;
				MTL_ENABLE_DEBUG_INFO = NO;
				SDKROOT = iphoneos;
				SWIFT_OPTIMIZATION_LEVEL = "-Owholemodule";
				VALIDATE_PRODUCT = YES;
			};
			name = Release;
		};
		6F0157E11F32F20700736EBF /* Debug */ = {
			isa = XCBuildConfiguration;
			buildSettings = {
				ASSETCATALOG_COMPILER_APPICON_NAME = AppIcon;
				DEVELOPMENT_TEAM = S43L4C4K8B;
				INFOPLIST_FILE = CurrentWeather/Info.plist;
				LD_RUNPATH_SEARCH_PATHS = "$(inherited) @executable_path/Frameworks";
				PRODUCT_BUNDLE_IDENTIFIER = katyal.CurrentWeather;
				PRODUCT_NAME = "$(TARGET_NAME)";
				SWIFT_VERSION = 3.0;
			};
			name = Debug;
		};
		6F0157E21F32F20700736EBF /* Release */ = {
			isa = XCBuildConfiguration;
			buildSettings = {
				ASSETCATALOG_COMPILER_APPICON_NAME = AppIcon;
				DEVELOPMENT_TEAM = S43L4C4K8B;
				INFOPLIST_FILE = CurrentWeather/Info.plist;
				LD_RUNPATH_SEARCH_PATHS = "$(inherited) @executable_path/Frameworks";
				PRODUCT_BUNDLE_IDENTIFIER = katyal.CurrentWeather;
				PRODUCT_NAME = "$(TARGET_NAME)";
				SWIFT_VERSION = 3.0;
			};
			name = Release;
		};
		6F0157E41F32F20700736EBF /* Debug */ = {
			isa = XCBuildConfiguration;
			buildSettings = {
				ALWAYS_EMBED_SWIFT_STANDARD_LIBRARIES = YES;
				BUNDLE_LOADER = "$(TEST_HOST)";
				DEVELOPMENT_TEAM = S43L4C4K8B;
				INFOPLIST_FILE = CurrentWeatherTests/Info.plist;
				LD_RUNPATH_SEARCH_PATHS = "$(inherited) @executable_path/Frameworks @loader_path/Frameworks";
				PRODUCT_BUNDLE_IDENTIFIER = katyal.CurrentWeatherTests;
				PRODUCT_NAME = "$(TARGET_NAME)";
				SWIFT_VERSION = 3.0;
				TEST_HOST = "$(BUILT_PRODUCTS_DIR)/CurrentWeather.app/CurrentWeather";
			};
			name = Debug;
		};
		6F0157E51F32F20700736EBF /* Release */ = {
			isa = XCBuildConfiguration;
			buildSettings = {
				ALWAYS_EMBED_SWIFT_STANDARD_LIBRARIES = YES;
				BUNDLE_LOADER = "$(TEST_HOST)";
				DEVELOPMENT_TEAM = S43L4C4K8B;
				INFOPLIST_FILE = CurrentWeatherTests/Info.plist;
				LD_RUNPATH_SEARCH_PATHS = "$(inherited) @executable_path/Frameworks @loader_path/Frameworks";
				PRODUCT_BUNDLE_IDENTIFIER = katyal.CurrentWeatherTests;
				PRODUCT_NAME = "$(TARGET_NAME)";
				SWIFT_VERSION = 3.0;
				TEST_HOST = "$(BUILT_PRODUCTS_DIR)/CurrentWeather.app/CurrentWeather";
			};
			name = Release;
		};
		6F0157E71F32F20700736EBF /* Debug */ = {
			isa = XCBuildConfiguration;
			buildSettings = {
				ALWAYS_EMBED_SWIFT_STANDARD_LIBRARIES = YES;
				DEVELOPMENT_TEAM = S43L4C4K8B;
				INFOPLIST_FILE = CurrentWeatherUITests/Info.plist;
				LD_RUNPATH_SEARCH_PATHS = "$(inherited) @executable_path/Frameworks @loader_path/Frameworks";
				PRODUCT_BUNDLE_IDENTIFIER = katyal.CurrentWeatherUITests;
				PRODUCT_NAME = "$(TARGET_NAME)";
				SWIFT_VERSION = 3.0;
				TEST_TARGET_NAME = CurrentWeather;
			};
			name = Debug;
		};
		6F0157E81F32F20700736EBF /* Release */ = {
			isa = XCBuildConfiguration;
			buildSettings = {
				ALWAYS_EMBED_SWIFT_STANDARD_LIBRARIES = YES;
				DEVELOPMENT_TEAM = S43L4C4K8B;
				INFOPLIST_FILE = CurrentWeatherUITests/Info.plist;
				LD_RUNPATH_SEARCH_PATHS = "$(inherited) @executable_path/Frameworks @loader_path/Frameworks";
				PRODUCT_BUNDLE_IDENTIFIER = katyal.CurrentWeatherUITests;
				PRODUCT_NAME = "$(TARGET_NAME)";
				SWIFT_VERSION = 3.0;
				TEST_TARGET_NAME = CurrentWeather;
			};
			name = Release;
		};
/* End XCBuildConfiguration section */

/* Begin XCConfigurationList section */
		6F0157B31F32F20700736EBF /* Build configuration list for PBXProject "CurrentWeather" */ = {
			isa = XCConfigurationList;
			buildConfigurations = (
				6F0157DE1F32F20700736EBF /* Debug */,
				6F0157DF1F32F20700736EBF /* Release */,
			);
			defaultConfigurationIsVisible = 0;
			defaultConfigurationName = Release;
		};
		6F0157E01F32F20700736EBF /* Build configuration list for PBXNativeTarget "CurrentWeather" */ = {
			isa = XCConfigurationList;
			buildConfigurations = (
				6F0157E11F32F20700736EBF /* Debug */,
				6F0157E21F32F20700736EBF /* Release */,
			);
			defaultConfigurationIsVisible = 0;
		};
		6F0157E31F32F20700736EBF /* Build configuration list for PBXNativeTarget "CurrentWeatherTests" */ = {
			isa = XCConfigurationList;
			buildConfigurations = (
				6F0157E41F32F20700736EBF /* Debug */,
				6F0157E51F32F20700736EBF /* Release */,
			);
			defaultConfigurationIsVisible = 0;
		};
		6F0157E61F32F20700736EBF /* Build configuration list for PBXNativeTarget "CurrentWeatherUITests" */ = {
			isa = XCConfigurationList;
			buildConfigurations = (
				6F0157E71F32F20700736EBF /* Debug */,
				6F0157E81F32F20700736EBF /* Release */,
			);
			defaultConfigurationIsVisible = 0;
		};
/* End XCConfigurationList section */
	};
	rootObject = 6F0157B01F32F20700736EBF /* Project object */;
}
